
Microsoft Visual Studio Solution File, Format Version 12.00
# Visual Studio Version 16
VisualStudioVersion = 16.0.30225.117
MinimumVisualStudioVersion = 10.0.40219.1
Project("{FAE04EC0-301F-11D3-BF4B-00C04F79EFBC}") = "SqlLiteExample", "SqlLiteExample\SqlLiteExample.csproj", "{BF44F9A8-A2EC-486E-946C-06291511495E}"
EndProject
Global
	GlobalSection(SolutionConfigurationPlatforms) = preSolution
		Debug|Any CPU = Debug|Any CPU
		Release|Any CPU = Release|Any CPU
	EndGlobalSection
	GlobalSection(ProjectConfigurationPlatforms) = postSolution
		{BF44F9A8-A2EC-486E-946C-06291511495E}.Debug|Any CPU.ActiveCfg = Debug|Any CPU
		{BF44F9A8-A2EC-486E-946C-06291511495E}.Debug|Any CPU.Build.0 = Debug|Any CPU
		{BF44F9A8-A2EC-486E-946C-06291511495E}.Release|Any CPU.ActiveCfg = Release|Any CPU
		{BF44F9A8-A2EC-486E-946C-06291511495E}.Release|Any CPU.Build.0 = Release|Any CPU
	EndGlobalSection
	GlobalSection(SolutionProperties) = preSolution
		HideSolutionNode = FALSE
	EndGlobalSection
	GlobalSection(ExtensibilityGlobals) = postSolution
		SolutionGuid = {0E88DA92-8A11-4EA9-9233-0740976A0003}
	EndGlobalSection
EndGlobal
